
Microsoft Visual Studio Solution File, Format Version 12.00
# Visual Studio Version 16
VisualStudioVersion = 16.0.31515.178
MinimumVisualStudioVersion = 10.0.40219.1
Project("{FAE04EC0-301F-11D3-BF4B-00C04F79EFBC}") = "Demo-WebApi", "Demo-WebApi.csproj", "{0343EAEC-1A93-4210-A64D-AFA1DBC919AF}"
EndProject
Project("{FAE04EC0-301F-11D3-BF4B-00C04F79EFBC}") = "Demo-WebApplication", "..\Demo-WebApplication\Demo-WebApplication.csproj", "{86C129A5-8649-486E-A2E5-D97F64D23F18}"
EndProject
Global
	GlobalSection(SolutionConfigurationPlatforms) = preSolution
		Debug|Any CPU = Debug|Any CPU
		Release|Any CPU = Release|Any CPU
	EndGlobalSection
	GlobalSection(ProjectConfigurationPlatforms) = postSolution
		{0343EAEC-1A93-4210-A64D-AFA1DBC919AF}.Debug|Any CPU.ActiveCfg = Debug|Any CPU
		{0343EAEC-1A93-4210-A64D-AFA1DBC919AF}.Debug|Any CPU.Build.0 = Debug|Any CPU
		{0343EAEC-1A93-4210-A64D-AFA1DBC919AF}.Release|Any CPU.ActiveCfg = Release|Any CPU
		{0343EAEC-1A93-4210-A64D-AFA1DBC919AF}.Release|Any CPU.Build.0 = Release|Any CPU
		{86C129A5-8649-486E-A2E5-D97F64D23F18}.Debug|Any CPU.ActiveCfg = Debug|Any CPU
		{86C129A5-8649-486E-A2E5-D97F64D23F18}.Debug|Any CPU.Build.0 = Debug|Any CPU
		{86C129A5-8649-486E-A2E5-D97F64D23F18}.Release|Any CPU.ActiveCfg = Release|Any CPU
		{86C129A5-8649-486E-A2E5-D97F64D23F18}.Release|Any CPU.Build.0 = Release|Any CPU
	EndGlobalSection
	GlobalSection(SolutionProperties) = preSolution
		HideSolutionNode = FALSE
	EndGlobalSection
	GlobalSection(ExtensibilityGlobals) = postSolution
		SolutionGuid = {EAD58EA3-ECD2-471B-B307-E96A47D41755}
	EndGlobalSection
EndGlobal
